// !$*UTF8*$!
{
	archiveVersion = 1;
	classes = {
	};
	objectVersion = 46;
	objects = {

/* Begin PBXBuildFile section */
		04BF9B241DF2B6550064CBCA /* main.m in Sources */ = {isa = PBXBuildFile; fileRef = 04BF9B231DF2B6550064CBCA /* main.m */; };
		04BF9B271DF2B6550064CBCA /* AppDelegate.m in Sources */ = {isa = PBXBuildFile; fileRef = 04BF9B261DF2B6550064CBCA /* AppDelegate.m */; };
		04BF9B2A1DF2B6550064CBCA /* ViewController.m in Sources */ = {isa = PBXBuildFile; fileRef = 04BF9B291DF2B6550064CBCA /* ViewController.m */; };
		04BF9B2D1DF2B6550064CBCA /* Main.storyboard in Resources */ = {isa = PBXBuildFile; fileRef = 04BF9B2B1DF2B6550064CBCA /* Main.storyboard */; };
		04BF9B301DF2B6560064CBCA /* ZoeRuntimeDemo.xcdatamodeld in Sources */ = {isa = PBXBuildFile; fileRef = 04BF9B2E1DF2B6560064CBCA /* ZoeRuntimeDemo.xcdatamodeld */; };
		04BF9B321DF2B6560064CBCA /* Assets.xcassets in Resources */ = {isa = PBXBuildFile; fileRef = 04BF9B311DF2B6560064CBCA /* Assets.xcassets */; };
		04BF9B351DF2B6560064CBCA /* LaunchScreen.storyboard in Resources */ = {isa = PBXBuildFile; fileRef = 04BF9B331DF2B6560064CBCA /* LaunchScreen.storyboard */; };
		04BF9B401DF2B6560064CBCA /* ZoeRuntimeDemoTests.m in Sources */ = {isa = PBXBuildFile; fileRef = 04BF9B3F1DF2B6560064CBCA /* ZoeRuntimeDemoTests.m */; };
		04BF9B4B1DF2B6560064CBCA /* ZoeRuntimeDemoUITests.m in Sources */ = {isa = PBXBuildFile; fileRef = 04BF9B4A1DF2B6560064CBCA /* ZoeRuntimeDemoUITests.m */; };
/* End PBXBuildFile section */

/* Begin PBXContainerItemProxy section */
		04BF9B3C1DF2B6560064CBCA /* PBXContainerItemProxy */ = {
			isa = PBXContainerItemProxy;
			containerPortal = 04BF9B171DF2B6550064CBCA /* Project object */;
			proxyType = 1;
			remoteGlobalIDString = 04BF9B1E1DF2B6550064CBCA;
			remoteInfo = ZoeRuntimeDemo;
		};
		04BF9B471DF2B6560064CBCA /* PBXContainerItemProxy */ = {
			isa = PBXContainerItemProxy;
			containerPortal = 04BF9B171DF2B6550064CBCA /* Project object */;
			proxyType = 1;
			remoteGlobalIDString = 04BF9B1E1DF2B6550064CBCA;
			remoteInfo = ZoeRuntimeDemo;
		};
/* End PBXContainerItemProxy section */

/* Begin PBXFileReference section */
		04BF9B1F1DF2B6550064CBCA /* ZoeRuntimeDemo.app */ = {isa = PBXFileReference; explicitFileType = wrapper.application; includeInIndex = 0; path = ZoeRuntimeDemo.app; sourceTree = BUILT_PRODUCTS_DIR; };
		04BF9B231DF2B6550064CBCA /* main.m */ = {isa = PBXFileReference; lastKnownFileType = sourcecode.c.objc; path = main.m; sourceTree = "<group>"; };
		04BF9B251DF2B6550064CBCA /* AppDelegate.h */ = {isa = PBXFileReference; lastKnownFileType = sourcecode.c.h; path = AppDelegate.h; sourceTree = "<group>"; };
		04BF9B261DF2B6550064CBCA /* AppDelegate.m */ = {isa = PBXFileReference; lastKnownFileType = sourcecode.c.objc; path = AppDelegate.m; sourceTree = "<group>"; };
		04BF9B281DF2B6550064CBCA /* ViewController.h */ = {isa = PBXFileReference; lastKnownFileType = sourcecode.c.h; path = ViewController.h; sourceTree = "<group>"; };
		04BF9B291DF2B6550064CBCA /* ViewController.m */ = {isa = PBXFileReference; lastKnownFileType = sourcecode.c.objc; path = ViewController.m; sourceTree = "<group>"; };
		04BF9B2C1DF2B6550064CBCA /* Base */ = {isa = PBXFileReference; lastKnownFileType = file.storyboard; name = Base; path = Base.lproj/Main.storyboard; sourceTree = "<group>"; };
		04BF9B2F1DF2B6560064CBCA /* ZoeRuntimeDemo.xcdatamodel */ = {isa = PBXFileReference; lastKnownFileType = wrapper.xcdatamodel; path = ZoeRuntimeDemo.xcdatamodel; sourceTree = "<group>"; };
		04BF9B311DF2B6560064CBCA /* Assets.xcassets */ = {isa = PBXFileReference; lastKnownFileType = folder.assetcatalog; path = Assets.xcassets; sourceTree = "<group>"; };
		04BF9B341DF2B6560064CBCA /* Base */ = {isa = PBXFileReference; lastKnownFileType = file.storyboard; name = Base; path = Base.lproj/LaunchScreen.storyboard; sourceTree = "<group>"; };
		04BF9B361DF2B6560064CBCA /* Info.plist */ = {isa = PBXFileReference; lastKnownFileType = text.plist.xml; path = Info.plist; sourceTree = "<group>"; };
		04BF9B3B1DF2B6560064CBCA /* ZoeRuntimeDemoTests.xctest */ = {isa = PBXFileReference; explicitFileType = wrapper.cfbundle; includeInIndex = 0; path = ZoeRuntimeDemoTests.xctest; sourceTree = BUILT_PRODUCTS_DIR; };
		04BF9B3F1DF2B6560064CBCA /* ZoeRuntimeDemoTests.m */ = {isa = PBXFileReference; lastKnownFileType = sourcecode.c.objc; path = ZoeRuntimeDemoTests.m; sourceTree = "<group>"; };
		04BF9B411DF2B6560064CBCA /* Info.plist */ = {isa = PBXFileReference; lastKnownFileType = text.plist.xml; path = Info.plist; sourceTree = "<group>"; };
		04BF9B461DF2B6560064CBCA /* ZoeRuntimeDemoUITests.xctest */ = {isa = PBXFileReference; explicitFileType = wrapper.cfbundle; includeInIndex = 0; path = ZoeRuntimeDemoUITests.xctest; sourceTree = BUILT_PRODUCTS_DIR; };
		04BF9B4A1DF2B6560064CBCA /* ZoeRuntimeDemoUITests.m */ = {isa = PBXFileReference; lastKnownFileType = sourcecode.c.objc; path = ZoeRuntimeDemoUITests.m; sourceTree = "<group>"; };
		04BF9B4C1DF2B6560064CBCA /* Info.plist */ = {isa = PBXFileReference; lastKnownFileType = text.plist.xml; path = Info.plist; sourceTree = "<group>"; };
/* End PBXFileReference section */

/* Begin PBXFrameworksBuildPhase section */
		04BF9B1C1DF2B6550064CBCA /* Frameworks */ = {
			isa = PBXFrameworksBuildPhase;
			buildActionMask = 2147483647;
			files = (
			);
			runOnlyForDeploymentPostprocessing = 0;
		};
		04BF9B381DF2B6560064CBCA /* Frameworks */ = {
			isa = PBXFrameworksBuildPhase;
			buildActionMask = 2147483647;
			files = (
			);
			runOnlyForDeploymentPostprocessing = 0;
		};
		04BF9B431DF2B6560064CBCA /* Frameworks */ = {
			isa = PBXFrameworksBuildPhase;
			buildActionMask = 2147483647;
			files = (
			);
			runOnlyForDeploymentPostprocessing = 0;
		};
/* End PBXFrameworksBuildPhase section */

/* Begin PBXGroup section */
		04BF9B161DF2B6550064CBCA = {
			isa = PBXGroup;
			children = (
				04BF9B211DF2B6550064CBCA /* ZoeRuntimeDemo */,
				04BF9B3E1DF2B6560064CBCA /* ZoeRuntimeDemoTests */,
				04BF9B491DF2B6560064CBCA /* ZoeRuntimeDemoUITests */,
				04BF9B201DF2B6550064CBCA /* Products */,
			);
			sourceTree = "<group>";
		};
		04BF9B201DF2B6550064CBCA /* Products */ = {
			isa = PBXGroup;
			children = (
				04BF9B1F1DF2B6550064CBCA /* ZoeRuntimeDemo.app */,
				04BF9B3B1DF2B6560064CBCA /* ZoeRuntimeDemoTests.xctest */,
				04BF9B461DF2B6560064CBCA /* ZoeRuntimeDemoUITests.xctest */,
			);
			name = Products;
			sourceTree = "<group>";
		};
		04BF9B211DF2B6550064CBCA /* ZoeRuntimeDemo */ = {
			isa = PBXGroup;
			children = (
				04BF9B251DF2B6550064CBCA /* AppDelegate.h */,
				04BF9B261DF2B6550064CBCA /* AppDelegate.m */,
				04BF9B281DF2B6550064CBCA /* ViewController.h */,
				04BF9B291DF2B6550064CBCA /* ViewController.m */,
				04BF9B2B1DF2B6550064CBCA /* Main.storyboard */,
				04BF9B311DF2B6560064CBCA /* Assets.xcassets */,
				04BF9B331DF2B6560064CBCA /* LaunchScreen.storyboard */,
				04BF9B361DF2B6560064CBCA /* Info.plist */,
				04BF9B2E1DF2B6560064CBCA /* ZoeRuntimeDemo.xcdatamodeld */,
				04BF9B221DF2B6550064CBCA /* Supporting Files */,
			);
			path = ZoeRuntimeDemo;
			sourceTree = "<group>";
		};
		04BF9B221DF2B6550064CBCA /* Supporting Files */ = {
			isa = PBXGroup;
			children = (
				04BF9B231DF2B6550064CBCA /* main.m */,
			);
			name = "Supporting Files";
			sourceTree = "<group>";
		};
		04BF9B3E1DF2B6560064CBCA /* ZoeRuntimeDemoTests */ = {
			isa = PBXGroup;
			children = (
				04BF9B3F1DF2B6560064CBCA /* ZoeRuntimeDemoTests.m */,
				04BF9B411DF2B6560064CBCA /* Info.plist */,
			);
			path = ZoeRuntimeDemoTests;
			sourceTree = "<group>";
		};
		04BF9B491DF2B6560064CBCA /* ZoeRuntimeDemoUITests */ = {
			isa = PBXGroup;
			children = (
				04BF9B4A1DF2B6560064CBCA /* ZoeRuntimeDemoUITests.m */,
				04BF9B4C1DF2B6560064CBCA /* Info.plist */,
			);
			path = ZoeRuntimeDemoUITests;
			sourceTree = "<group>";
		};
/* End PBXGroup section */

/* Begin PBXNativeTarget section */
		04BF9B1E1DF2B6550064CBCA /* ZoeRuntimeDemo */ = {
			isa = PBXNativeTarget;
			buildConfigurationList = 04BF9B4F1DF2B6560064CBCA /* Build configuration list for PBXNativeTarget "ZoeRuntimeDemo" */;
			buildPhases = (
				04BF9B1B1DF2B6550064CBCA /* Sources */,
				04BF9B1C1DF2B6550064CBCA /* Frameworks */,
				04BF9B1D1DF2B6550064CBCA /* Resources */,
			);
			buildRules = (
			);
			dependencies = (
			);
			name = ZoeRuntimeDemo;
			productName = ZoeRuntimeDemo;
			productReference = 04BF9B1F1DF2B6550064CBCA /* ZoeRuntimeDemo.app */;
			productType = "com.apple.product-type.application";
		};
		04BF9B3A1DF2B6560064CBCA /* ZoeRuntimeDemoTests */ = {
			isa = PBXNativeTarget;
			buildConfigurationList = 04BF9B521DF2B6560064CBCA /* Build configuration list for PBXNativeTarget "ZoeRuntimeDemoTests" */;
			buildPhases = (
				04BF9B371DF2B6560064CBCA /* Sources */,
				04BF9B381DF2B6560064CBCA /* Frameworks */,
				04BF9B391DF2B6560064CBCA /* Resources */,
			);
			buildRules = (
			);
			dependencies = (
				04BF9B3D1DF2B6560064CBCA /* PBXTargetDependency */,
			);
			name = ZoeRuntimeDemoTests;
			productName = ZoeRuntimeDemoTests;
			productReference = 04BF9B3B1DF2B6560064CBCA /* ZoeRuntimeDemoTests.xctest */;
			productType = "com.apple.product-type.bundle.unit-test";
		};
		04BF9B451DF2B6560064CBCA /* ZoeRuntimeDemoUITests */ = {
			isa = PBXNativeTarget;
			buildConfigurationList = 04BF9B551DF2B6560064CBCA /* Build configuration list for PBXNativeTarget "ZoeRuntimeDemoUITests" */;
			buildPhases = (
				04BF9B421DF2B6560064CBCA /* Sources */,
				04BF9B431DF2B6560064CBCA /* Frameworks */,
				04BF9B441DF2B6560064CBCA /* Resources */,
			);
			buildRules = (
			);
			dependencies = (
				04BF9B481DF2B6560064CBCA /* PBXTargetDependency */,
			);
			name = ZoeRuntimeDemoUITests;
			productName = ZoeRuntimeDemoUITests;
			productReference = 04BF9B461DF2B6560064CBCA /* ZoeRuntimeDemoUITests.xctest */;
			productType = "com.apple.product-type.bundle.ui-testing";
		};
/* End PBXNativeTarget section */

/* Begin PBXProject section */
		04BF9B171DF2B6550064CBCA /* Project object */ = {
			isa = PBXProject;
			attributes = {
				LastUpgradeCheck = 0810;
				ORGANIZATIONNAME = mac;
				TargetAttributes = {
					04BF9B1E1DF2B6550064CBCA = {
						CreatedOnToolsVersion = 8.1;
						ProvisioningStyle = Automatic;
					};
					04BF9B3A1DF2B6560064CBCA = {
						CreatedOnToolsVersion = 8.1;
						ProvisioningStyle = Automatic;
						TestTargetID = 04BF9B1E1DF2B6550064CBCA;
					};
					04BF9B451DF2B6560064CBCA = {
						CreatedOnToolsVersion = 8.1;
						ProvisioningStyle = Automatic;
						TestTargetID = 04BF9B1E1DF2B6550064CBCA;
					};
				};
			};
			buildConfigurationList = 04BF9B1A1DF2B6550064CBCA /* Build configuration list for PBXProject "ZoeRuntimeDemo" */;
			compatibilityVersion = "Xcode 3.2";
			developmentRegion = English;
			hasScannedForEncodings = 0;
			knownRegions = (
				en,
				Base,
			);
			mainGroup = 04BF9B161DF2B6550064CBCA;
			productRefGroup = 04BF9B201DF2B6550064CBCA /* Products */;
			projectDirPath = "";
			projectRoot = "";
			targets = (
				04BF9B1E1DF2B6550064CBCA /* ZoeRuntimeDemo */,
				04BF9B3A1DF2B6560064CBCA /* ZoeRuntimeDemoTests */,
				04BF9B451DF2B6560064CBCA /* ZoeRuntimeDemoUITests */,
			);
		};
/* End PBXProject section */

/* Begin PBXResourcesBuildPhase section */
		04BF9B1D1DF2B6550064CBCA /* Resources */ = {
			isa = PBXResourcesBuildPhase;
			buildActionMask = 2147483647;
			files = (
				04BF9B351DF2B6560064CBCA /* LaunchScreen.storyboard in Resources */,
				04BF9B321DF2B6560064CBCA /* Assets.xcassets in Resources */,
				04BF9B2D1DF2B6550064CBCA /* Main.storyboard in Resources */,
			);
			runOnlyForDeploymentPostprocessing = 0;
		};
		04BF9B391DF2B6560064CBCA /* Resources */ = {
			isa = PBXResourcesBuildPhase;
			buildActionMask = 2147483647;
			files = (
			);
			runOnlyForDeploymentPostprocessing = 0;
		};
		04BF9B441DF2B6560064CBCA /* Resources */ = {
			isa = PBXResourcesBuildPhase;
			buildActionMask = 2147483647;
			files = (
			);
			runOnlyForDeploymentPostprocessing = 0;
		};
/* End PBXResourcesBuildPhase section */

/* Begin PBXSourcesBuildPhase section */
		04BF9B1B1DF2B6550064CBCA /* Sources */ = {
			isa = PBXSourcesBuildPhase;
			buildActionMask = 2147483647;
			files = (
				04BF9B2A1DF2B6550064CBCA /* ViewController.m in Sources */,
				04BF9B271DF2B6550064CBCA /* AppDelegate.m in Sources */,
				04BF9B301DF2B6560064CBCA /* ZoeRuntimeDemo.xcdatamodeld in Sources */,
				04BF9B241DF2B6550064CBCA /* main.m in Sources */,
			);
			runOnlyForDeploymentPostprocessing = 0;
		};
		04BF9B371DF2B6560064CBCA /* Sources */ = {
			isa = PBXSourcesBuildPhase;
			buildActionMask = 2147483647;
			files = (
				04BF9B401DF2B6560064CBCA /* ZoeRuntimeDemoTests.m in Sources */,
			);
			runOnlyForDeploymentPostprocessing = 0;
		};
		04BF9B421DF2B6560064CBCA /* Sources */ = {
			isa = PBXSourcesBuildPhase;
			buildActionMask = 2147483647;
			files = (
				04BF9B4B1DF2B6560064CBCA /* ZoeRuntimeDemoUITests.m in Sources */,
			);
			runOnlyForDeploymentPostprocessing = 0;
		};
/* End PBXSourcesBuildPhase section */

/* Begin PBXTargetDependency section */
		04BF9B3D1DF2B6560064CBCA /* PBXTargetDependency */ = {
			isa = PBXTargetDependency;
			target = 04BF9B1E1DF2B6550064CBCA /* ZoeRuntimeDemo */;
			targetProxy = 04BF9B3C1DF2B6560064CBCA /* PBXContainerItemProxy */;
		};
		04BF9B481DF2B6560064CBCA /* PBXTargetDependency */ = {
			isa = PBXTargetDependency;
			target = 04BF9B1E1DF2B6550064CBCA /* ZoeRuntimeDemo */;
			targetProxy = 04BF9B471DF2B6560064CBCA /* PBXContainerItemProxy */;
		};
/* End PBXTargetDependency section */

/* Begin PBXVariantGroup section */
		04BF9B2B1DF2B6550064CBCA /* Main.storyboard */ = {
			isa = PBXVariantGroup;
			children = (
				04BF9B2C1DF2B6550064CBCA /* Base */,
			);
			name = Main.storyboard;
			sourceTree = "<group>";
		};
		04BF9B331DF2B6560064CBCA /* LaunchScreen.storyboard */ = {
			isa = PBXVariantGroup;
			children = (
				04BF9B341DF2B6560064CBCA /* Base */,
			);
			name = LaunchScreen.storyboard;
			sourceTree = "<group>";
		};
/* End PBXVariantGroup section */

/* Begin XCBuildConfiguration section */
		04BF9B4D1DF2B6560064CBCA /* Debug */ = {
			isa = XCBuildConfiguration;
			buildSettings = {
				ALWAYS_SEARCH_USER_PATHS = NO;
				CLANG_ANALYZER_NONNULL = YES;
				CLANG_CXX_LANGUAGE_STANDARD = "gnu++0x";
				CLANG_CXX_LIBRARY = "libc++";
				CLANG_ENABLE_MODULES = YES;
				CLANG_ENABLE_OBJC_ARC = YES;
				CLANG_WARN_BOOL_CONVERSION = YES;
				CLANG_WARN_CONSTANT_CONVERSION = YES;
				CLANG_WARN_DIRECT_OBJC_ISA_USAGE = YES_ERROR;
				CLANG_WARN_DOCUMENTATION_COMMENTS = YES;
				CLANG_WARN_EMPTY_BODY = YES;
				CLANG_WARN_ENUM_CONVERSION = YES;
				CLANG_WARN_INFINITE_RECURSION = YES;
				CLANG_WARN_INT_CONVERSION = YES;
				CLANG_WARN_OBJC_ROOT_CLASS = YES_ERROR;
				CLANG_WARN_SUSPICIOUS_MOVES = YES;
				CLANG_WARN_UNREACHABLE_CODE = YES;
				CLANG_WARN__DUPLICATE_METHOD_MATCH = YES;
				"CODE_SIGN_IDENTITY[sdk=iphoneos*]" = "iPhone Developer";
				COPY_PHASE_STRIP = NO;
				DEBUG_INFORMATION_FORMAT = dwarf;
				ENABLE_STRICT_OBJC_MSGSEND = YES;
				ENABLE_TESTABILITY = YES;
				GCC_C_LANGUAGE_STANDARD = gnu99;
				GCC_DYNAMIC_NO_PIC = NO;
				GCC_NO_COMMON_BLOCKS = YES;
				GCC_OPTIMIZATION_LEVEL = 0;
				GCC_PREPROCESSOR_DEFINITIONS = (
					"DEBUG=1",
					"$(inherited)",
				);
				GCC_WARN_64_TO_32_BIT_CONVERSION = YES;
				GCC_WARN_ABOUT_RETURN_TYPE = YES_ERROR;
				GCC_WARN_UNDECLARED_SELECTOR = YES;
				GCC_WARN_UNINITIALIZED_AUTOS = YES_AGGRESSIVE;
				GCC_WARN_UNUSED_FUNCTION = YES;
				GCC_WARN_UNUSED_VARIABLE = YES;
				IPHONEOS_DEPLOYMENT_TARGET = 10.1;
				MTL_ENABLE_DEBUG_INFO = YES;
				ONLY_ACTIVE_ARCH = YES;
				SDKROOT = iphoneos;
			};
			name = Debug;
		};
		04BF9B4E1DF2B6560064CBCA /* Release */ = {
			isa = XCBuildConfiguration;
			buildSettings = {
				ALWAYS_SEARCH_USER_PATHS = NO;
				CLANG_ANALYZER_NONNULL = YES;
				CLANG_CXX_LANGUAGE_STANDARD = "gnu++0x";
				CLANG_CXX_LIBRARY = "libc++";
				CLANG_ENABLE_MODULES = YES;
				CLANG_ENABLE_OBJC_ARC = YES;
				CLANG_WARN_BOOL_CONVERSION = YES;
				CLANG_WARN_CONSTANT_CONVERSION = YES;
				CLANG_WARN_DIRECT_OBJC_ISA_USAGE = YES_ERROR;
				CLANG_WARN_DOCUMENTATION_COMMENTS = YES;
				CLANG_WARN_EMPTY_BODY = YES;
				CLANG_WARN_ENUM_CONVERSION = YES;
				CLANG_WARN_INFINITE_RECURSION = YES;
				CLANG_WARN_INT_CONVERSION = YES;
				CLANG_WARN_OBJC_ROOT_CLASS = YES_ERROR;
				CLANG_WARN_SUSPICIOUS_MOVES = YES;
				CLANG_WARN_UNREACHABLE_CODE = YES;
				CLANG_WARN__DUPLICATE_METHOD_MATCH = YES;
				"CODE_SIGN_IDENTITY[sdk=iphoneos*]" = "iPhone Developer";
				COPY_PHASE_STRIP = NO;
				DEBUG_INFORMATION_FORMAT = "dwarf-with-dsym";
				ENABLE_NS_ASSERTIONS = NO;
				ENABLE_STRICT_OBJC_MSGSEND = YES;
				GCC_C_LANGUAGE_STANDARD = gnu99;
				GCC_NO_COMMON_BLOCKS = YES;
				GCC_WARN_64_TO_32_BIT_CONVERSION = YES;
				GCC_WARN_ABOUT_RETURN_TYPE = YES_ERROR;
				GCC_WARN_UNDECLARED_SELECTOR = YES;
				GCC_WARN_UNINITIALIZED_AUTOS = YES_AGGRESSIVE;
				GCC_WARN_UNUSED_FUNCTION = YES;
				GCC_WARN_UNUSED_VARIABLE = YES;
				IPHONEOS_DEPLOYMENT_TARGET = 10.1;
				MTL_ENABLE_DEBUG_INFO = NO;
				SDKROOT = iphoneos;
				VALIDATE_PRODUCT = YES;
			};
			name = Release;
		};
		04BF9B501DF2B6560064CBCA /* Debug */ = {
			isa = XCBuildConfiguration;
			buildSettings = {
				ASSETCATALOG_COMPILER_APPICON_NAME = AppIcon;
				INFOPLIST_FILE = ZoeRuntimeDemo/Info.plist;
				LD_RUNPATH_SEARCH_PATHS = "$(inherited) @executable_path/Frameworks";
				PRODUCT_BUNDLE_IDENTIFIER = zoe.ZoeRuntimeDemo;
				PRODUCT_NAME = "$(TARGET_NAME)";
			};
			name = Debug;
		};
		04BF9B511DF2B6560064CBCA /* Release */ = {
			isa = XCBuildConfiguration;
			buildSettings = {
				ASSETCATALOG_COMPILER_APPICON_NAME = AppIcon;
				INFOPLIST_FILE = ZoeRuntimeDemo/Info.plist;
				LD_RUNPATH_SEARCH_PATHS = "$(inherited) @executable_path/Frameworks";
				PRODUCT_BUNDLE_IDENTIFIER = zoe.ZoeRuntimeDemo;
				PRODUCT_NAME = "$(TARGET_NAME)";
			};
			name = Release;
		};
		04BF9B531DF2B6560064CBCA /* Debug */ = {
			isa = XCBuildConfiguration;
			buildSettings = {
				BUNDLE_LOADER = "$(TEST_HOST)";
				INFOPLIST_FILE = ZoeRuntimeDemoTests/Info.plist;
				LD_RUNPATH_SEARCH_PATHS = "$(inherited) @executable_path/Frameworks @loader_path/Frameworks";
				PRODUCT_BUNDLE_IDENTIFIER = zoe.ZoeRuntimeDemoTests;
				PRODUCT_NAME = "$(TARGET_NAME)";
				TEST_HOST = "$(BUILT_PRODUCTS_DIR)/ZoeRuntimeDemo.app/ZoeRuntimeDemo";
			};
			name = Debug;
		};
		04BF9B541DF2B6560064CBCA /* Release */ = {
			isa = XCBuildConfiguration;
			buildSettings = {
				BUNDLE_LOADER = "$(TEST_HOST)";
				INFOPLIST_FILE = ZoeRuntimeDemoTests/Info.plist;
				LD_RUNPATH_SEARCH_PATHS = "$(inherited) @executable_path/Frameworks @loader_path/Frameworks";
				PRODUCT_BUNDLE_IDENTIFIER = zoe.ZoeRuntimeDemoTests;
				PRODUCT_NAME = "$(TARGET_NAME)";
				TEST_HOST = "$(BUILT_PRODUCTS_DIR)/ZoeRuntimeDemo.app/ZoeRuntimeDemo";
			};
			name = Release;
		};
		04BF9B561DF2B6560064CBCA /* Debug */ = {
			isa = XCBuildConfiguration;
			buildSettings = {
				INFOPLIST_FILE = ZoeRuntimeDemoUITests/Info.plist;
				LD_RUNPATH_SEARCH_PATHS = "$(inherited) @executable_path/Frameworks @loader_path/Frameworks";
				PRODUCT_BUNDLE_IDENTIFIER = zoe.ZoeRuntimeDemoUITests;
				PRODUCT_NAME = "$(TARGET_NAME)";
				TEST_TARGET_NAME = ZoeRuntimeDemo;
			};
			name = Debug;
		};
		04BF9B571DF2B6560064CBCA /* Release */ = {
			isa = XCBuildConfiguration;
			buildSettings = {
				INFOPLIST_FILE = ZoeRuntimeDemoUITests/Info.plist;
				LD_RUNPATH_SEARCH_PATHS = "$(inherited) @executable_path/Frameworks @loader_path/Frameworks";
				PRODUCT_BUNDLE_IDENTIFIER = zoe.ZoeRuntimeDemoUITests;
				PRODUCT_NAME = "$(TARGET_NAME)";
				TEST_TARGET_NAME = ZoeRuntimeDemo;
			};
			name = Release;
		};
/* End XCBuildConfiguration section */

/* Begin XCConfigurationList section */
		04BF9B1A1DF2B6550064CBCA /* Build configuration list for PBXProject "ZoeRuntimeDemo" */ = {
			isa = XCConfigurationList;
			buildConfigurations = (
				04BF9B4D1DF2B6560064CBCA /* Debug */,
				04BF9B4E1DF2B6560064CBCA /* Release */,
			);
			defaultConfigurationIsVisible = 0;
			defaultConfigurationName = Release;
		};
		04BF9B4F1DF2B6560064CBCA /* Build configuration list for PBXNativeTarget "ZoeRuntimeDemo" */ = {
			isa = XCConfigurationList;
			buildConfigurations = (
				04BF9B501DF2B6560064CBCA /* Debug */,
				04BF9B511DF2B6560064CBCA /* Release */,
			);
			defaultConfigurationIsVisible = 0;
		};
		04BF9B521DF2B6560064CBCA /* Build configuration list for PBXNativeTarget "ZoeRuntimeDemoTests" */ = {
			isa = XCConfigurationList;
			buildConfigurations = (
				04BF9B531DF2B6560064CBCA /* Debug */,
				04BF9B541DF2B6560064CBCA /* Release */,
			);
			defaultConfigurationIsVisible = 0;
		};
		04BF9B551DF2B6560064CBCA /* Build configuration list for PBXNativeTarget "ZoeRuntimeDemoUITests" */ = {
			isa = XCConfigurationList;
			buildConfigurations = (
				04BF9B561DF2B6560064CBCA /* Debug */,
				04BF9B571DF2B6560064CBCA /* Release */,
			);
			defaultConfigurationIsVisible = 0;
		};
/* End XCConfigurationList section */

/* Begin XCVersionGroup section */
		04BF9B2E1DF2B6560064CBCA /* ZoeRuntimeDemo.xcdatamodeld */ = {
			isa = XCVersionGroup;
			children = (
				04BF9B2F1DF2B6560064CBCA /* ZoeRuntimeDemo.xcdatamodel */,
			);
			currentVersion = 04BF9B2F1DF2B6560064CBCA /* ZoeRuntimeDemo.xcdatamodel */;
			path = ZoeRuntimeDemo.xcdatamodeld;
			sourceTree = "<group>";
			versionGroupType = wrapper.xcdatamodel;
		};
/* End XCVersionGroup section */
	};
	rootObject = 04BF9B171DF2B6550064CBCA /* Project object */;
}
